// !$*UTF8*$!
{
	archiveVersion = 1;
	classes = {
	};
	objectVersion = 55;
	objects = {

/* Begin PBXBuildFile section */
		E21C4D9B27A210FC005969FC /* MovieDetailsServices.swift in Sources */ = {isa = PBXBuildFile; fileRef = E21C4D9A27A210FC005969FC /* MovieDetailsServices.swift */; };
		E21C4D9D27A2115B005969FC /* MoviesServices.swift in Sources */ = {isa = PBXBuildFile; fileRef = E21C4D9C27A2115B005969FC /* MoviesServices.swift */; };
		E21C4DA627A21DAF005969FC /* MoviesSearch.json in Resources */ = {isa = PBXBuildFile; fileRef = E21C4DA527A21C79005969FC /* MoviesSearch.json */; };
		E21C4DA827A21E0E005969FC /* MovieDetails.json in Resources */ = {isa = PBXBuildFile; fileRef = E21C4DA727A21E0E005969FC /* MovieDetails.json */; };
		E2D5631F27A087940006ACF7 /* AppDelegate.swift in Sources */ = {isa = PBXBuildFile; fileRef = E2D5631E27A087940006ACF7 /* AppDelegate.swift */; };
		E2D5632127A087940006ACF7 /* SceneDelegate.swift in Sources */ = {isa = PBXBuildFile; fileRef = E2D5632027A087940006ACF7 /* SceneDelegate.swift */; };
		E2D5632327A087940006ACF7 /* MoviesViewController.swift in Sources */ = {isa = PBXBuildFile; fileRef = E2D5632227A087940006ACF7 /* MoviesViewController.swift */; };
		E2D5632627A087940006ACF7 /* Main.storyboard in Resources */ = {isa = PBXBuildFile; fileRef = E2D5632427A087940006ACF7 /* Main.storyboard */; };
		E2D5632827A0879A0006ACF7 /* Assets.xcassets in Resources */ = {isa = PBXBuildFile; fileRef = E2D5632727A0879A0006ACF7 /* Assets.xcassets */; };
		E2D5632B27A0879A0006ACF7 /* LaunchScreen.storyboard in Resources */ = {isa = PBXBuildFile; fileRef = E2D5632927A0879A0006ACF7 /* LaunchScreen.storyboard */; };
		E2D5633627A0879A0006ACF7 /* OCSTestTests.swift in Sources */ = {isa = PBXBuildFile; fileRef = E2D5633527A0879A0006ACF7 /* OCSTestTests.swift */; };
		E2D5634027A0879A0006ACF7 /* OCSTestUITests.swift in Sources */ = {isa = PBXBuildFile; fileRef = E2D5633F27A0879A0006ACF7 /* OCSTestUITests.swift */; };
		E2D5634227A0879A0006ACF7 /* OCSTestUITestsLaunchTests.swift in Sources */ = {isa = PBXBuildFile; fileRef = E2D5634127A0879A0006ACF7 /* OCSTestUITestsLaunchTests.swift */; };
		E2D5635127A0A0FD0006ACF7 /* MovieCollectionViewCell.swift in Sources */ = {isa = PBXBuildFile; fileRef = E2D5634F27A0A0FD0006ACF7 /* MovieCollectionViewCell.swift */; };
		E2D5635227A0A0FD0006ACF7 /* MovieCollectionViewCell.xib in Resources */ = {isa = PBXBuildFile; fileRef = E2D5635027A0A0FD0006ACF7 /* MovieCollectionViewCell.xib */; };
		E2D5635427A0B34B0006ACF7 /* MoviesViewModel.swift in Sources */ = {isa = PBXBuildFile; fileRef = E2D5635327A0B34B0006ACF7 /* MoviesViewModel.swift */; };
		E2D5635A27A0C0C00006ACF7 /* Playinfoid.swift in Sources */ = {isa = PBXBuildFile; fileRef = E2D5635627A0C0C00006ACF7 /* Playinfoid.swift */; };
		E2D5635B27A0C0C00006ACF7 /* MovieContents.swift in Sources */ = {isa = PBXBuildFile; fileRef = E2D5635727A0C0C00006ACF7 /* MovieContents.swift */; };
		E2D5635C27A0C0C10006ACF7 /* Title.swift in Sources */ = {isa = PBXBuildFile; fileRef = E2D5635827A0C0C00006ACF7 /* Title.swift */; };
		E2D5635D27A0C0C10006ACF7 /* Movies.swift in Sources */ = {isa = PBXBuildFile; fileRef = E2D5635927A0C0C00006ACF7 /* Movies.swift */; };
		E2D5636027A170200006ACF7 /* URLs.swift in Sources */ = {isa = PBXBuildFile; fileRef = E2D5635F27A170200006ACF7 /* URLs.swift */; };
		E2D5636327A179EF0006ACF7 /* MovieCellModel.swift in Sources */ = {isa = PBXBuildFile; fileRef = E2D5636227A179EF0006ACF7 /* MovieCellModel.swift */; };
		E2D5636527A189110006ACF7 /* CachedImageView.swift in Sources */ = {isa = PBXBuildFile; fileRef = E2D5636427A189110006ACF7 /* CachedImageView.swift */; };
		E2D5636927A195F80006ACF7 /* MovieDetailsViewController.swift in Sources */ = {isa = PBXBuildFile; fileRef = E2D5636827A195F80006ACF7 /* MovieDetailsViewController.swift */; };
		E2D5636E27A1A64B0006ACF7 /* MovieDetailsViewModel.swift in Sources */ = {isa = PBXBuildFile; fileRef = E2D5636D27A1A64B0006ACF7 /* MovieDetailsViewModel.swift */; };
		E2D5637C27A1A73A0006ACF7 /* Contents.swift in Sources */ = {isa = PBXBuildFile; fileRef = E2D5637027A1A7390006ACF7 /* Contents.swift */; };
		E2D5637D27A1A73A0006ACF7 /* Episodes.swift in Sources */ = {isa = PBXBuildFile; fileRef = E2D5637127A1A7390006ACF7 /* Episodes.swift */; };
		E2D5637E27A1A73A0006ACF7 /* Description.swift in Sources */ = {isa = PBXBuildFile; fileRef = E2D5637227A1A7390006ACF7 /* Description.swift */; };
		E2D5637F27A1A73A0006ACF7 /* Acontents.swift in Sources */ = {isa = PBXBuildFile; fileRef = E2D5637327A1A7390006ACF7 /* Acontents.swift */; };
		E2D5638027A1A73A0006ACF7 /* MovieDetails.swift in Sources */ = {isa = PBXBuildFile; fileRef = E2D5637427A1A7390006ACF7 /* MovieDetails.swift */; };
		E2D5638127A1A73A0006ACF7 /* Playinfo.swift in Sources */ = {isa = PBXBuildFile; fileRef = E2D5637527A1A7390006ACF7 /* Playinfo.swift */; };
		E2D5638227A1A73A0006ACF7 /* Availability.swift in Sources */ = {isa = PBXBuildFile; fileRef = E2D5637627A1A7390006ACF7 /* Availability.swift */; };
		E2D5638327A1A73A0006ACF7 /* Menutitle.swift in Sources */ = {isa = PBXBuildFile; fileRef = E2D5637727A1A73A0006ACF7 /* Menutitle.swift */; };
		E2D5638427A1A73A0006ACF7 /* Seasons.swift in Sources */ = {isa = PBXBuildFile; fileRef = E2D5637827A1A73A0006ACF7 /* Seasons.swift */; };
		E2D5638527A1A73A0006ACF7 /* Bannerinfo.swift in Sources */ = {isa = PBXBuildFile; fileRef = E2D5637927A1A73A0006ACF7 /* Bannerinfo.swift */; };
		E2D5638627A1A73A0006ACF7 /* Menutitlefocus.swift in Sources */ = {isa = PBXBuildFile; fileRef = E2D5637A27A1A73A0006ACF7 /* Menutitlefocus.swift */; };
		E2D5638727A1A73A0006ACF7 /* Zonesinfo.swift in Sources */ = {isa = PBXBuildFile; fileRef = E2D5637B27A1A73A0006ACF7 /* Zonesinfo.swift */; };
/* End PBXBuildFile section */

/* Begin PBXContainerItemProxy section */
		E2D5633227A0879A0006ACF7 /* PBXContainerItemProxy */ = {
			isa = PBXContainerItemProxy;
			containerPortal = E2D5631327A087940006ACF7 /* Project object */;
			proxyType = 1;
			remoteGlobalIDString = E2D5631A27A087940006ACF7;
			remoteInfo = OCSTest;
		};
		E2D5633C27A0879A0006ACF7 /* PBXContainerItemProxy */ = {
			isa = PBXContainerItemProxy;
			containerPortal = E2D5631327A087940006ACF7 /* Project object */;
			proxyType = 1;
			remoteGlobalIDString = E2D5631A27A087940006ACF7;
			remoteInfo = OCSTest;
		};
/* End PBXContainerItemProxy section */

/* Begin PBXFileReference section */
		E21C4D9A27A210FC005969FC /* MovieDetailsServices.swift */ = {isa = PBXFileReference; lastKnownFileType = sourcecode.swift; path = MovieDetailsServices.swift; sourceTree = "<group>"; };
		E21C4D9C27A2115B005969FC /* MoviesServices.swift */ = {isa = PBXFileReference; lastKnownFileType = sourcecode.swift; path = MoviesServices.swift; sourceTree = "<group>"; };
		E21C4DA527A21C79005969FC /* MoviesSearch.json */ = {isa = PBXFileReference; lastKnownFileType = text.json; path = MoviesSearch.json; sourceTree = "<group>"; };
		E21C4DA727A21E0E005969FC /* MovieDetails.json */ = {isa = PBXFileReference; lastKnownFileType = text.json; path = MovieDetails.json; sourceTree = "<group>"; };
		E2D5631B27A087940006ACF7 /* OCSTest.app */ = {isa = PBXFileReference; explicitFileType = wrapper.application; includeInIndex = 0; path = OCSTest.app; sourceTree = BUILT_PRODUCTS_DIR; };
		E2D5631E27A087940006ACF7 /* AppDelegate.swift */ = {isa = PBXFileReference; lastKnownFileType = sourcecode.swift; path = AppDelegate.swift; sourceTree = "<group>"; };
		E2D5632027A087940006ACF7 /* SceneDelegate.swift */ = {isa = PBXFileReference; lastKnownFileType = sourcecode.swift; path = SceneDelegate.swift; sourceTree = "<group>"; };
		E2D5632227A087940006ACF7 /* MoviesViewController.swift */ = {isa = PBXFileReference; lastKnownFileType = sourcecode.swift; path = MoviesViewController.swift; sourceTree = "<group>"; };
		E2D5632527A087940006ACF7 /* Base */ = {isa = PBXFileReference; lastKnownFileType = file.storyboard; name = Base; path = Base.lproj/Main.storyboard; sourceTree = "<group>"; };
		E2D5632727A0879A0006ACF7 /* Assets.xcassets */ = {isa = PBXFileReference; lastKnownFileType = folder.assetcatalog; path = Assets.xcassets; sourceTree = "<group>"; };
		E2D5632A27A0879A0006ACF7 /* Base */ = {isa = PBXFileReference; lastKnownFileType = file.storyboard; name = Base; path = Base.lproj/LaunchScreen.storyboard; sourceTree = "<group>"; };
		E2D5632C27A0879A0006ACF7 /* Info.plist */ = {isa = PBXFileReference; lastKnownFileType = text.plist.xml; path = Info.plist; sourceTree = "<group>"; };
		E2D5633127A0879A0006ACF7 /* OCSTestTests.xctest */ = {isa = PBXFileReference; explicitFileType = wrapper.cfbundle; includeInIndex = 0; path = OCSTestTests.xctest; sourceTree = BUILT_PRODUCTS_DIR; };
		E2D5633527A0879A0006ACF7 /* OCSTestTests.swift */ = {isa = PBXFileReference; lastKnownFileType = sourcecode.swift; path = OCSTestTests.swift; sourceTree = "<group>"; };
		E2D5633B27A0879A0006ACF7 /* OCSTestUITests.xctest */ = {isa = PBXFileReference; explicitFileType = wrapper.cfbundle; includeInIndex = 0; path = OCSTestUITests.xctest; sourceTree = BUILT_PRODUCTS_DIR; };
		E2D5633F27A0879A0006ACF7 /* OCSTestUITests.swift */ = {isa = PBXFileReference; lastKnownFileType = sourcecode.swift; path = OCSTestUITests.swift; sourceTree = "<group>"; };
		E2D5634127A0879A0006ACF7 /* OCSTestUITestsLaunchTests.swift */ = {isa = PBXFileReference; lastKnownFileType = sourcecode.swift; path = OCSTestUITestsLaunchTests.swift; sourceTree = "<group>"; };
		E2D5634F27A0A0FD0006ACF7 /* MovieCollectionViewCell.swift */ = {isa = PBXFileReference; lastKnownFileType = sourcecode.swift; path = MovieCollectionViewCell.swift; sourceTree = "<group>"; };
		E2D5635027A0A0FD0006ACF7 /* MovieCollectionViewCell.xib */ = {isa = PBXFileReference; lastKnownFileType = file.xib; path = MovieCollectionViewCell.xib; sourceTree = "<group>"; };
		E2D5635327A0B34B0006ACF7 /* MoviesViewModel.swift */ = {isa = PBXFileReference; lastKnownFileType = sourcecode.swift; path = MoviesViewModel.swift; sourceTree = "<group>"; };
		E2D5635627A0C0C00006ACF7 /* Playinfoid.swift */ = {isa = PBXFileReference; fileEncoding = 4; lastKnownFileType = sourcecode.swift; path = Playinfoid.swift; sourceTree = "<group>"; };
		E2D5635727A0C0C00006ACF7 /* MovieContents.swift */ = {isa = PBXFileReference; fileEncoding = 4; lastKnownFileType = sourcecode.swift; path = MovieContents.swift; sourceTree = "<group>"; };
		E2D5635827A0C0C00006ACF7 /* Title.swift */ = {isa = PBXFileReference; fileEncoding = 4; lastKnownFileType = sourcecode.swift; path = Title.swift; sourceTree = "<group>"; };
		E2D5635927A0C0C00006ACF7 /* Movies.swift */ = {isa = PBXFileReference; fileEncoding = 4; lastKnownFileType = sourcecode.swift; path = Movies.swift; sourceTree = "<group>"; };
		E2D5635F27A170200006ACF7 /* URLs.swift */ = {isa = PBXFileReference; lastKnownFileType = sourcecode.swift; path = URLs.swift; sourceTree = "<group>"; };
		E2D5636227A179EF0006ACF7 /* MovieCellModel.swift */ = {isa = PBXFileReference; lastKnownFileType = sourcecode.swift; path = MovieCellModel.swift; sourceTree = "<group>"; };
		E2D5636427A189110006ACF7 /* CachedImageView.swift */ = {isa = PBXFileReference; fileEncoding = 4; lastKnownFileType = sourcecode.swift; path = CachedImageView.swift; sourceTree = "<group>"; };
		E2D5636827A195F80006ACF7 /* MovieDetailsViewController.swift */ = {isa = PBXFileReference; lastKnownFileType = sourcecode.swift; path = MovieDetailsViewController.swift; sourceTree = "<group>"; };
		E2D5636D27A1A64B0006ACF7 /* MovieDetailsViewModel.swift */ = {isa = PBXFileReference; lastKnownFileType = sourcecode.swift; path = MovieDetailsViewModel.swift; sourceTree = "<group>"; };
		E2D5637027A1A7390006ACF7 /* Contents.swift */ = {isa = PBXFileReference; fileEncoding = 4; lastKnownFileType = sourcecode.swift; path = Contents.swift; sourceTree = "<group>"; };
		E2D5637127A1A7390006ACF7 /* Episodes.swift */ = {isa = PBXFileReference; fileEncoding = 4; lastKnownFileType = sourcecode.swift; path = Episodes.swift; sourceTree = "<group>"; };
		E2D5637227A1A7390006ACF7 /* Description.swift */ = {isa = PBXFileReference; fileEncoding = 4; lastKnownFileType = sourcecode.swift; path = Description.swift; sourceTree = "<group>"; };
		E2D5637327A1A7390006ACF7 /* Acontents.swift */ = {isa = PBXFileReference; fileEncoding = 4; lastKnownFileType = sourcecode.swift; path = Acontents.swift; sourceTree = "<group>"; };
		E2D5637427A1A7390006ACF7 /* MovieDetails.swift */ = {isa = PBXFileReference; fileEncoding = 4; lastKnownFileType = sourcecode.swift; path = MovieDetails.swift; sourceTree = "<group>"; };
		E2D5637527A1A7390006ACF7 /* Playinfo.swift */ = {isa = PBXFileReference; fileEncoding = 4; lastKnownFileType = sourcecode.swift; path = Playinfo.swift; sourceTree = "<group>"; };
		E2D5637627A1A7390006ACF7 /* Availability.swift */ = {isa = PBXFileReference; fileEncoding = 4; lastKnownFileType = sourcecode.swift; path = Availability.swift; sourceTree = "<group>"; };
		E2D5637727A1A73A0006ACF7 /* Menutitle.swift */ = {isa = PBXFileReference; fileEncoding = 4; lastKnownFileType = sourcecode.swift; path = Menutitle.swift; sourceTree = "<group>"; };
		E2D5637827A1A73A0006ACF7 /* Seasons.swift */ = {isa = PBXFileReference; fileEncoding = 4; lastKnownFileType = sourcecode.swift; path = Seasons.swift; sourceTree = "<group>"; };
		E2D5637927A1A73A0006ACF7 /* Bannerinfo.swift */ = {isa = PBXFileReference; fileEncoding = 4; lastKnownFileType = sourcecode.swift; path = Bannerinfo.swift; sourceTree = "<group>"; };
		E2D5637A27A1A73A0006ACF7 /* Menutitlefocus.swift */ = {isa = PBXFileReference; fileEncoding = 4; lastKnownFileType = sourcecode.swift; path = Menutitlefocus.swift; sourceTree = "<group>"; };
		E2D5637B27A1A73A0006ACF7 /* Zonesinfo.swift */ = {isa = PBXFileReference; fileEncoding = 4; lastKnownFileType = sourcecode.swift; path = Zonesinfo.swift; sourceTree = "<group>"; };
/* End PBXFileReference section */

/* Begin PBXFrameworksBuildPhase section */
		E2D5631827A087940006ACF7 /* Frameworks */ = {
			isa = PBXFrameworksBuildPhase;
			buildActionMask = 2147483647;
			files = (
			);
			runOnlyForDeploymentPostprocessing = 0;
		};
		E2D5632E27A0879A0006ACF7 /* Frameworks */ = {
			isa = PBXFrameworksBuildPhase;
			buildActionMask = 2147483647;
			files = (
			);
			runOnlyForDeploymentPostprocessing = 0;
		};
		E2D5633827A0879A0006ACF7 /* Frameworks */ = {
			isa = PBXFrameworksBuildPhase;
			buildActionMask = 2147483647;
			files = (
			);
			runOnlyForDeploymentPostprocessing = 0;
		};
/* End PBXFrameworksBuildPhase section */

/* Begin PBXGroup section */
		E2D5631227A087940006ACF7 = {
			isa = PBXGroup;
			children = (
				E2D5631D27A087940006ACF7 /* OCSTest */,
				E2D5633427A0879A0006ACF7 /* OCSTestTests */,
				E2D5633E27A0879A0006ACF7 /* OCSTestUITests */,
				E2D5631C27A087940006ACF7 /* Products */,
			);
			sourceTree = "<group>";
		};
		E2D5631C27A087940006ACF7 /* Products */ = {
			isa = PBXGroup;
			children = (
				E2D5631B27A087940006ACF7 /* OCSTest.app */,
				E2D5633127A0879A0006ACF7 /* OCSTestTests.xctest */,
				E2D5633B27A0879A0006ACF7 /* OCSTestUITests.xctest */,
			);
			name = Products;
			sourceTree = "<group>";
		};
		E2D5631D27A087940006ACF7 /* OCSTest */ = {
			isa = PBXGroup;
			children = (
				E2D5632C27A0879A0006ACF7 /* Info.plist */,
				E2D5636B27A19C3F0006ACF7 /* SupportedFiles */,
				E2D5636627A18DC50006ACF7 /* Utils */,
				E2D5635E27A170110006ACF7 /* Constants */,
				E2D5635527A0C0C00006ACF7 /* Codable Models */,
				E2D5636727A18F4B0006ACF7 /* Models */,
				E2D5636A27A19C2B0006ACF7 /* Home Movies */,
				E2D5636C27A19C9E0006ACF7 /* Movie Details */,
			);
			path = OCSTest;
			sourceTree = "<group>";
		};
		E2D5633427A0879A0006ACF7 /* OCSTestTests */ = {
			isa = PBXGroup;
			children = (
				E2D5633527A0879A0006ACF7 /* OCSTestTests.swift */,
				E21C4DA527A21C79005969FC /* MoviesSearch.json */,
				E21C4DA727A21E0E005969FC /* MovieDetails.json */,
			);
			path = OCSTestTests;
			sourceTree = "<group>";
		};
		E2D5633E27A0879A0006ACF7 /* OCSTestUITests */ = {
			isa = PBXGroup;
			children = (
				E2D5633F27A0879A0006ACF7 /* OCSTestUITests.swift */,
				E2D5634127A0879A0006ACF7 /* OCSTestUITestsLaunchTests.swift */,
			);
			path = OCSTestUITests;
			sourceTree = "<group>";
		};
		E2D5634E27A0A0DA0006ACF7 /* Movie Cell */ = {
			isa = PBXGroup;
			children = (
				E2D5634F27A0A0FD0006ACF7 /* MovieCollectionViewCell.swift */,
				E2D5635027A0A0FD0006ACF7 /* MovieCollectionViewCell.xib */,
			);
			path = "Movie Cell";
			sourceTree = "<group>";
		};
		E2D5635527A0C0C00006ACF7 /* Codable Models */ = {
			isa = PBXGroup;
			children = (
				E2D5637327A1A7390006ACF7 /* Acontents.swift */,
				E2D5637627A1A7390006ACF7 /* Availability.swift */,
				E2D5637927A1A73A0006ACF7 /* Bannerinfo.swift */,
				E2D5637027A1A7390006ACF7 /* Contents.swift */,
				E2D5637227A1A7390006ACF7 /* Description.swift */,
				E2D5637127A1A7390006ACF7 /* Episodes.swift */,
				E2D5637427A1A7390006ACF7 /* MovieDetails.swift */,
				E2D5637727A1A73A0006ACF7 /* Menutitle.swift */,
				E2D5637A27A1A73A0006ACF7 /* Menutitlefocus.swift */,
				E2D5637527A1A7390006ACF7 /* Playinfo.swift */,
				E2D5637827A1A73A0006ACF7 /* Seasons.swift */,
				E2D5637B27A1A73A0006ACF7 /* Zonesinfo.swift */,
				E2D5635627A0C0C00006ACF7 /* Playinfoid.swift */,
				E2D5635727A0C0C00006ACF7 /* MovieContents.swift */,
				E2D5635827A0C0C00006ACF7 /* Title.swift */,
				E2D5635927A0C0C00006ACF7 /* Movies.swift */,
			);
			path = "Codable Models";
			sourceTree = "<group>";
		};
		E2D5635E27A170110006ACF7 /* Constants */ = {
			isa = PBXGroup;
			children = (
				E2D5635F27A170200006ACF7 /* URLs.swift */,
			);
			path = Constants;
			sourceTree = "<group>";
		};
		E2D5636627A18DC50006ACF7 /* Utils */ = {
			isa = PBXGroup;
			children = (
				E2D5636427A189110006ACF7 /* CachedImageView.swift */,
			);
			path = Utils;
			sourceTree = "<group>";
		};
		E2D5636727A18F4B0006ACF7 /* Models */ = {
			isa = PBXGroup;
			children = (
				E2D5636227A179EF0006ACF7 /* MovieCellModel.swift */,
			);
			path = Models;
			sourceTree = "<group>";
		};
		E2D5636A27A19C2B0006ACF7 /* Home Movies */ = {
			isa = PBXGroup;
			children = (
				E2D5634E27A0A0DA0006ACF7 /* Movie Cell */,
				E2D5632227A087940006ACF7 /* MoviesViewController.swift */,
				E2D5635327A0B34B0006ACF7 /* MoviesViewModel.swift */,
				E21C4D9C27A2115B005969FC /* MoviesServices.swift */,
			);
			path = "Home Movies";
			sourceTree = "<group>";
		};
		E2D5636B27A19C3F0006ACF7 /* SupportedFiles */ = {
			isa = PBXGroup;
			children = (
				E2D5632427A087940006ACF7 /* Main.storyboard */,
				E2D5632927A0879A0006ACF7 /* LaunchScreen.storyboard */,
				E2D5632727A0879A0006ACF7 /* Assets.xcassets */,
				E2D5632027A087940006ACF7 /* SceneDelegate.swift */,
				E2D5631E27A087940006ACF7 /* AppDelegate.swift */,
			);
			path = SupportedFiles;
			sourceTree = "<group>";
		};
		E2D5636C27A19C9E0006ACF7 /* Movie Details */ = {
			isa = PBXGroup;
			children = (
				E2D5636827A195F80006ACF7 /* MovieDetailsViewController.swift */,
				E2D5636D27A1A64B0006ACF7 /* MovieDetailsViewModel.swift */,
				E21C4D9A27A210FC005969FC /* MovieDetailsServices.swift */,
			);
			path = "Movie Details";
			sourceTree = "<group>";
		};
/* End PBXGroup section */

/* Begin PBXNativeTarget section */
		E2D5631A27A087940006ACF7 /* OCSTest */ = {
			isa = PBXNativeTarget;
			buildConfigurationList = E2D5634527A0879A0006ACF7 /* Build configuration list for PBXNativeTarget "OCSTest" */;
			buildPhases = (
				E2D5631727A087940006ACF7 /* Sources */,
				E2D5631827A087940006ACF7 /* Frameworks */,
				E2D5631927A087940006ACF7 /* Resources */,
			);
			buildRules = (
			);
			dependencies = (
			);
			name = OCSTest;
			productName = OCSTest;
			productReference = E2D5631B27A087940006ACF7 /* OCSTest.app */;
			productType = "com.apple.product-type.application";
		};
		E2D5633027A0879A0006ACF7 /* OCSTestTests */ = {
			isa = PBXNativeTarget;
			buildConfigurationList = E2D5634827A0879A0006ACF7 /* Build configuration list for PBXNativeTarget "OCSTestTests" */;
			buildPhases = (
				E2D5632D27A0879A0006ACF7 /* Sources */,
				E2D5632E27A0879A0006ACF7 /* Frameworks */,
				E2D5632F27A0879A0006ACF7 /* Resources */,
			);
			buildRules = (
			);
			dependencies = (
				E2D5633327A0879A0006ACF7 /* PBXTargetDependency */,
			);
			name = OCSTestTests;
			productName = OCSTestTests;
			productReference = E2D5633127A0879A0006ACF7 /* OCSTestTests.xctest */;
			productType = "com.apple.product-type.bundle.unit-test";
		};
		E2D5633A27A0879A0006ACF7 /* OCSTestUITests */ = {
			isa = PBXNativeTarget;
			buildConfigurationList = E2D5634B27A0879A0006ACF7 /* Build configuration list for PBXNativeTarget "OCSTestUITests" */;
			buildPhases = (
				E2D5633727A0879A0006ACF7 /* Sources */,
				E2D5633827A0879A0006ACF7 /* Frameworks */,
				E2D5633927A0879A0006ACF7 /* Resources */,
			);
			buildRules = (
			);
			dependencies = (
				E2D5633D27A0879A0006ACF7 /* PBXTargetDependency */,
			);
			name = OCSTestUITests;
			productName = OCSTestUITests;
			productReference = E2D5633B27A0879A0006ACF7 /* OCSTestUITests.xctest */;
			productType = "com.apple.product-type.bundle.ui-testing";
		};
/* End PBXNativeTarget section */

/* Begin PBXProject section */
		E2D5631327A087940006ACF7 /* Project object */ = {
			isa = PBXProject;
			attributes = {
				BuildIndependentTargetsInParallel = 1;
				LastSwiftUpdateCheck = 1320;
				LastUpgradeCheck = 1320;
				TargetAttributes = {
					E2D5631A27A087940006ACF7 = {
						CreatedOnToolsVersion = 13.2.1;
					};
					E2D5633027A0879A0006ACF7 = {
						CreatedOnToolsVersion = 13.2.1;
						TestTargetID = E2D5631A27A087940006ACF7;
					};
					E2D5633A27A0879A0006ACF7 = {
						CreatedOnToolsVersion = 13.2.1;
						TestTargetID = E2D5631A27A087940006ACF7;
					};
				};
			};
			buildConfigurationList = E2D5631627A087940006ACF7 /* Build configuration list for PBXProject "OCSTest" */;
			compatibilityVersion = "Xcode 13.0";
			developmentRegion = en;
			hasScannedForEncodings = 0;
			knownRegions = (
				en,
				Base,
			);
			mainGroup = E2D5631227A087940006ACF7;
			productRefGroup = E2D5631C27A087940006ACF7 /* Products */;
			projectDirPath = "";
			projectRoot = "";
			targets = (
				E2D5631A27A087940006ACF7 /* OCSTest */,
				E2D5633027A0879A0006ACF7 /* OCSTestTests */,
				E2D5633A27A0879A0006ACF7 /* OCSTestUITests */,
			);
		};
/* End PBXProject section */

/* Begin PBXResourcesBuildPhase section */
		E2D5631927A087940006ACF7 /* Resources */ = {
			isa = PBXResourcesBuildPhase;
			buildActionMask = 2147483647;
			files = (
				E2D5632B27A0879A0006ACF7 /* LaunchScreen.storyboard in Resources */,
				E2D5632827A0879A0006ACF7 /* Assets.xcassets in Resources */,
				E2D5632627A087940006ACF7 /* Main.storyboard in Resources */,
				E2D5635227A0A0FD0006ACF7 /* MovieCollectionViewCell.xib in Resources */,
			);
			runOnlyForDeploymentPostprocessing = 0;
		};
		E2D5632F27A0879A0006ACF7 /* Resources */ = {
			isa = PBXResourcesBuildPhase;
			buildActionMask = 2147483647;
			files = (
				E21C4DA827A21E0E005969FC /* MovieDetails.json in Resources */,
				E21C4DA627A21DAF005969FC /* MoviesSearch.json in Resources */,
			);
			runOnlyForDeploymentPostprocessing = 0;
		};
		E2D5633927A0879A0006ACF7 /* Resources */ = {
			isa = PBXResourcesBuildPhase;
			buildActionMask = 2147483647;
			files = (
			);
			runOnlyForDeploymentPostprocessing = 0;
		};
/* End PBXResourcesBuildPhase section */

/* Begin PBXSourcesBuildPhase section */
		E2D5631727A087940006ACF7 /* Sources */ = {
			isa = PBXSourcesBuildPhase;
			buildActionMask = 2147483647;
			files = (
				E2D5638227A1A73A0006ACF7 /* Availability.swift in Sources */,
				E2D5638627A1A73A0006ACF7 /* Menutitlefocus.swift in Sources */,
				E2D5636E27A1A64B0006ACF7 /* MovieDetailsViewModel.swift in Sources */,
				E2D5637C27A1A73A0006ACF7 /* Contents.swift in Sources */,
				E2D5636327A179EF0006ACF7 /* MovieCellModel.swift in Sources */,
				E2D5638127A1A73A0006ACF7 /* Playinfo.swift in Sources */,
				E21C4D9D27A2115B005969FC /* MoviesServices.swift in Sources */,
				E2D5635C27A0C0C10006ACF7 /* Title.swift in Sources */,
				E2D5636927A195F80006ACF7 /* MovieDetailsViewController.swift in Sources */,
				E2D5637D27A1A73A0006ACF7 /* Episodes.swift in Sources */,
				E2D5632327A087940006ACF7 /* MoviesViewController.swift in Sources */,
				E2D5631F27A087940006ACF7 /* AppDelegate.swift in Sources */,
				E2D5637E27A1A73A0006ACF7 /* Description.swift in Sources */,
				E2D5637F27A1A73A0006ACF7 /* Acontents.swift in Sources */,
				E2D5638727A1A73A0006ACF7 /* Zonesinfo.swift in Sources */,
				E2D5635B27A0C0C00006ACF7 /* MovieContents.swift in Sources */,
				E2D5638527A1A73A0006ACF7 /* Bannerinfo.swift in Sources */,
				E2D5635A27A0C0C00006ACF7 /* Playinfoid.swift in Sources */,
				E2D5636027A170200006ACF7 /* URLs.swift in Sources */,
				E2D5635D27A0C0C10006ACF7 /* Movies.swift in Sources */,
				E2D5632127A087940006ACF7 /* SceneDelegate.swift in Sources */,
				E2D5638427A1A73A0006ACF7 /* Seasons.swift in Sources */,
				E2D5638327A1A73A0006ACF7 /* Menutitle.swift in Sources */,
				E2D5635127A0A0FD0006ACF7 /* MovieCollectionViewCell.swift in Sources */,
				E2D5636527A189110006ACF7 /* CachedImageView.swift in Sources */,
				E21C4D9B27A210FC005969FC /* MovieDetailsServices.swift in Sources */,
				E2D5638027A1A73A0006ACF7 /* MovieDetails.swift in Sources */,
				E2D5635427A0B34B0006ACF7 /* MoviesViewModel.swift in Sources */,
			);
			runOnlyForDeploymentPostprocessing = 0;
		};
		E2D5632D27A0879A0006ACF7 /* Sources */ = {
			isa = PBXSourcesBuildPhase;
			buildActionMask = 2147483647;
			files = (
				E2D5633627A0879A0006ACF7 /* OCSTestTests.swift in Sources */,
			);
			runOnlyForDeploymentPostprocessing = 0;
		};
		E2D5633727A0879A0006ACF7 /* Sources */ = {
			isa = PBXSourcesBuildPhase;
			buildActionMask = 2147483647;
			files = (
				E2D5634227A0879A0006ACF7 /* OCSTestUITestsLaunchTests.swift in Sources */,
				E2D5634027A0879A0006ACF7 /* OCSTestUITests.swift in Sources */,
			);
			runOnlyForDeploymentPostprocessing = 0;
		};
/* End PBXSourcesBuildPhase section */

/* Begin PBXTargetDependency section */
		E2D5633327A0879A0006ACF7 /* PBXTargetDependency */ = {
			isa = PBXTargetDependency;
			target = E2D5631A27A087940006ACF7 /* OCSTest */;
			targetProxy = E2D5633227A0879A0006ACF7 /* PBXContainerItemProxy */;
		};
		E2D5633D27A0879A0006ACF7 /* PBXTargetDependency */ = {
			isa = PBXTargetDependency;
			target = E2D5631A27A087940006ACF7 /* OCSTest */;
			targetProxy = E2D5633C27A0879A0006ACF7 /* PBXContainerItemProxy */;
		};
/* End PBXTargetDependency section */

/* Begin PBXVariantGroup section */
		E2D5632427A087940006ACF7 /* Main.storyboard */ = {
			isa = PBXVariantGroup;
			children = (
				E2D5632527A087940006ACF7 /* Base */,
			);
			name = Main.storyboard;
			sourceTree = "<group>";
		};
		E2D5632927A0879A0006ACF7 /* LaunchScreen.storyboard */ = {
			isa = PBXVariantGroup;
			children = (
				E2D5632A27A0879A0006ACF7 /* Base */,
			);
			name = LaunchScreen.storyboard;
			sourceTree = "<group>";
		};
/* End PBXVariantGroup section */

/* Begin XCBuildConfiguration section */
		E2D5634327A0879A0006ACF7 /* Debug */ = {
			isa = XCBuildConfiguration;
			buildSettings = {
				ALWAYS_SEARCH_USER_PATHS = NO;
				CLANG_ANALYZER_NONNULL = YES;
				CLANG_ANALYZER_NUMBER_OBJECT_CONVERSION = YES_AGGRESSIVE;
				CLANG_CXX_LANGUAGE_STANDARD = "gnu++17";
				CLANG_CXX_LIBRARY = "libc++";
				CLANG_ENABLE_MODULES = YES;
				CLANG_ENABLE_OBJC_ARC = YES;
				CLANG_ENABLE_OBJC_WEAK = YES;
				CLANG_WARN_BLOCK_CAPTURE_AUTORELEASING = YES;
				CLANG_WARN_BOOL_CONVERSION = YES;
				CLANG_WARN_COMMA = YES;
				CLANG_WARN_CONSTANT_CONVERSION = YES;
				CLANG_WARN_DEPRECATED_OBJC_IMPLEMENTATIONS = YES;
				CLANG_WARN_DIRECT_OBJC_ISA_USAGE = YES_ERROR;
				CLANG_WARN_DOCUMENTATION_COMMENTS = YES;
				CLANG_WARN_EMPTY_BODY = YES;
				CLANG_WARN_ENUM_CONVERSION = YES;
				CLANG_WARN_INFINITE_RECURSION = YES;
				CLANG_WARN_INT_CONVERSION = YES;
				CLANG_WARN_NON_LITERAL_NULL_CONVERSION = YES;
				CLANG_WARN_OBJC_IMPLICIT_RETAIN_SELF = YES;
				CLANG_WARN_OBJC_LITERAL_CONVERSION = YES;
				CLANG_WARN_OBJC_ROOT_CLASS = YES_ERROR;
				CLANG_WARN_QUOTED_INCLUDE_IN_FRAMEWORK_HEADER = YES;
				CLANG_WARN_RANGE_LOOP_ANALYSIS = YES;
				CLANG_WARN_STRICT_PROTOTYPES = YES;
				CLANG_WARN_SUSPICIOUS_MOVE = YES;
				CLANG_WARN_UNGUARDED_AVAILABILITY = YES_AGGRESSIVE;
				CLANG_WARN_UNREACHABLE_CODE = YES;
				CLANG_WARN__DUPLICATE_METHOD_MATCH = YES;
				COPY_PHASE_STRIP = NO;
				DEBUG_INFORMATION_FORMAT = dwarf;
				ENABLE_STRICT_OBJC_MSGSEND = YES;
				ENABLE_TESTABILITY = YES;
				GCC_C_LANGUAGE_STANDARD = gnu11;
				GCC_DYNAMIC_NO_PIC = NO;
				GCC_NO_COMMON_BLOCKS = YES;
				GCC_OPTIMIZATION_LEVEL = 0;
				GCC_PREPROCESSOR_DEFINITIONS = (
					"DEBUG=1",
					"$(inherited)",
				);
				GCC_WARN_64_TO_32_BIT_CONVERSION = YES;
				GCC_WARN_ABOUT_RETURN_TYPE = YES_ERROR;
				GCC_WARN_UNDECLARED_SELECTOR = YES;
				GCC_WARN_UNINITIALIZED_AUTOS = YES_AGGRESSIVE;
				GCC_WARN_UNUSED_FUNCTION = YES;
				GCC_WARN_UNUSED_VARIABLE = YES;
				IPHONEOS_DEPLOYMENT_TARGET = 15.2;
				MTL_ENABLE_DEBUG_INFO = INCLUDE_SOURCE;
				MTL_FAST_MATH = YES;
				ONLY_ACTIVE_ARCH = YES;
				SDKROOT = iphoneos;
				SWIFT_ACTIVE_COMPILATION_CONDITIONS = DEBUG;
				SWIFT_OPTIMIZATION_LEVEL = "-Onone";
			};
			name = Debug;
		};
		E2D5634427A0879A0006ACF7 /* Release */ = {
			isa = XCBuildConfiguration;
			buildSettings = {
				ALWAYS_SEARCH_USER_PATHS = NO;
				CLANG_ANALYZER_NONNULL = YES;
				CLANG_ANALYZER_NUMBER_OBJECT_CONVERSION = YES_AGGRESSIVE;
				CLANG_CXX_LANGUAGE_STANDARD = "gnu++17";
				CLANG_CXX_LIBRARY = "libc++";
				CLANG_ENABLE_MODULES = YES;
				CLANG_ENABLE_OBJC_ARC = YES;
				CLANG_ENABLE_OBJC_WEAK = YES;
				CLANG_WARN_BLOCK_CAPTURE_AUTORELEASING = YES;
				CLANG_WARN_BOOL_CONVERSION = YES;
				CLANG_WARN_COMMA = YES;
				CLANG_WARN_CONSTANT_CONVERSION = YES;
				CLANG_WARN_DEPRECATED_OBJC_IMPLEMENTATIONS = YES;
				CLANG_WARN_DIRECT_OBJC_ISA_USAGE = YES_ERROR;
				CLANG_WARN_DOCUMENTATION_COMMENTS = YES;
				CLANG_WARN_EMPTY_BODY = YES;
				CLANG_WARN_ENUM_CONVERSION = YES;
				CLANG_WARN_INFINITE_RECURSION = YES;
				CLANG_WARN_INT_CONVERSION = YES;
				CLANG_WARN_NON_LITERAL_NULL_CONVERSION = YES;
				CLANG_WARN_OBJC_IMPLICIT_RETAIN_SELF = YES;
				CLANG_WARN_OBJC_LITERAL_CONVERSION = YES;
				CLANG_WARN_OBJC_ROOT_CLASS = YES_ERROR;
				CLANG_WARN_QUOTED_INCLUDE_IN_FRAMEWORK_HEADER = YES;
				CLANG_WARN_RANGE_LOOP_ANALYSIS = YES;
				CLANG_WARN_STRICT_PROTOTYPES = YES;
				CLANG_WARN_SUSPICIOUS_MOVE = YES;
				CLANG_WARN_UNGUARDED_AVAILABILITY = YES_AGGRESSIVE;
				CLANG_WARN_UNREACHABLE_CODE = YES;
				CLANG_WARN__DUPLICATE_METHOD_MATCH = YES;
				COPY_PHASE_STRIP = NO;
				DEBUG_INFORMATION_FORMAT = "dwarf-with-dsym";
				ENABLE_NS_ASSERTIONS = NO;
				ENABLE_STRICT_OBJC_MSGSEND = YES;
				GCC_C_LANGUAGE_STANDARD = gnu11;
				GCC_NO_COMMON_BLOCKS = YES;
				GCC_WARN_64_TO_32_BIT_CONVERSION = YES;
				GCC_WARN_ABOUT_RETURN_TYPE = YES_ERROR;
				GCC_WARN_UNDECLARED_SELECTOR = YES;
				GCC_WARN_UNINITIALIZED_AUTOS = YES_AGGRESSIVE;
				GCC_WARN_UNUSED_FUNCTION = YES;
				GCC_WARN_UNUSED_VARIABLE = YES;
				IPHONEOS_DEPLOYMENT_TARGET = 15.2;
				MTL_ENABLE_DEBUG_INFO = NO;
				MTL_FAST_MATH = YES;
				SDKROOT = iphoneos;
				SWIFT_COMPILATION_MODE = wholemodule;
				SWIFT_OPTIMIZATION_LEVEL = "-O";
				VALIDATE_PRODUCT = YES;
			};
			name = Release;
		};
		E2D5634627A0879A0006ACF7 /* Debug */ = {
			isa = XCBuildConfiguration;
			buildSettings = {
				ASSETCATALOG_COMPILER_APPICON_NAME = AppIcon;
				ASSETCATALOG_COMPILER_GLOBAL_ACCENT_COLOR_NAME = AccentColor;
				CODE_SIGN_STYLE = Automatic;
				CURRENT_PROJECT_VERSION = 1;
				DEVELOPMENT_TEAM = PVB33MB4R2;
				GENERATE_INFOPLIST_FILE = YES;
				INFOPLIST_FILE = OCSTest/Info.plist;
				INFOPLIST_KEY_UIApplicationSupportsIndirectInputEvents = YES;
				INFOPLIST_KEY_UILaunchStoryboardName = LaunchScreen;
				INFOPLIST_KEY_UIMainStoryboardFile = Main;
				INFOPLIST_KEY_UISupportedInterfaceOrientations_iPad = "UIInterfaceOrientationPortrait UIInterfaceOrientationPortraitUpsideDown UIInterfaceOrientationLandscapeLeft UIInterfaceOrientationLandscapeRight";
				INFOPLIST_KEY_UISupportedInterfaceOrientations_iPhone = "UIInterfaceOrientationPortrait UIInterfaceOrientationLandscapeLeft UIInterfaceOrientationLandscapeRight";
				LD_RUNPATH_SEARCH_PATHS = (
					"$(inherited)",
					"@executable_path/Frameworks",
				);
				MARKETING_VERSION = 1.0;
				PRODUCT_BUNDLE_IDENTIFIER = com.yasin.OCSTest;
				PRODUCT_NAME = "$(TARGET_NAME)";
				SWIFT_EMIT_LOC_STRINGS = YES;
				SWIFT_VERSION = 5.0;
				TARGETED_DEVICE_FAMILY = "1,2";
			};
			name = Debug;
		};
		E2D5634727A0879A0006ACF7 /* Release */ = {
			isa = XCBuildConfiguration;
			buildSettings = {
				ASSETCATALOG_COMPILER_APPICON_NAME = AppIcon;
				ASSETCATALOG_COMPILER_GLOBAL_ACCENT_COLOR_NAME = AccentColor;
				CODE_SIGN_STYLE = Automatic;
				CURRENT_PROJECT_VERSION = 1;
				DEVELOPMENT_TEAM = PVB33MB4R2;
				GENERATE_INFOPLIST_FILE = YES;
				INFOPLIST_FILE = OCSTest/Info.plist;
				INFOPLIST_KEY_UIApplicationSupportsIndirectInputEvents = YES;
				INFOPLIST_KEY_UILaunchStoryboardName = LaunchScreen;
				INFOPLIST_KEY_UIMainStoryboardFile = Main;
				INFOPLIST_KEY_UISupportedInterfaceOrientations_iPad = "UIInterfaceOrientationPortrait UIInterfaceOrientationPortraitUpsideDown UIInterfaceOrientationLandscapeLeft UIInterfaceOrientationLandscapeRight";
				INFOPLIST_KEY_UISupportedInterfaceOrientations_iPhone = "UIInterfaceOrientationPortrait UIInterfaceOrientationLandscapeLeft UIInterfaceOrientationLandscapeRight";
				LD_RUNPATH_SEARCH_PATHS = (
					"$(inherited)",
					"@executable_path/Frameworks",
				);
				MARKETING_VERSION = 1.0;
				PRODUCT_BUNDLE_IDENTIFIER = com.yasin.OCSTest;
				PRODUCT_NAME = "$(TARGET_NAME)";
				SWIFT_EMIT_LOC_STRINGS = YES;
				SWIFT_VERSION = 5.0;
				TARGETED_DEVICE_FAMILY = "1,2";
			};
			name = Release;
		};
		E2D5634927A0879A0006ACF7 /* Debug */ = {
			isa = XCBuildConfiguration;
			buildSettings = {
				ALWAYS_EMBED_SWIFT_STANDARD_LIBRARIES = YES;
				BUNDLE_LOADER = "$(TEST_HOST)";
				CODE_SIGN_STYLE = Automatic;
				CURRENT_PROJECT_VERSION = 1;
				DEVELOPMENT_TEAM = PVB33MB4R2;
				GENERATE_INFOPLIST_FILE = YES;
				IPHONEOS_DEPLOYMENT_TARGET = 15.2;
				MARKETING_VERSION = 1.0;
				PRODUCT_BUNDLE_IDENTIFIER = com.yasin.OCSTestTests;
				PRODUCT_NAME = "$(TARGET_NAME)";
				SWIFT_EMIT_LOC_STRINGS = NO;
				SWIFT_VERSION = 5.0;
				TARGETED_DEVICE_FAMILY = "1,2";
				TEST_HOST = "$(BUILT_PRODUCTS_DIR)/OCSTest.app/OCSTest";
			};
			name = Debug;
		};
		E2D5634A27A0879A0006ACF7 /* Release */ = {
			isa = XCBuildConfiguration;
			buildSettings = {
				ALWAYS_EMBED_SWIFT_STANDARD_LIBRARIES = YES;
				BUNDLE_LOADER = "$(TEST_HOST)";
				CODE_SIGN_STYLE = Automatic;
				CURRENT_PROJECT_VERSION = 1;
				DEVELOPMENT_TEAM = PVB33MB4R2;
				GENERATE_INFOPLIST_FILE = YES;
				IPHONEOS_DEPLOYMENT_TARGET = 15.2;
				MARKETING_VERSION = 1.0;
				PRODUCT_BUNDLE_IDENTIFIER = com.yasin.OCSTestTests;
				PRODUCT_NAME = "$(TARGET_NAME)";
				SWIFT_EMIT_LOC_STRINGS = NO;
				SWIFT_VERSION = 5.0;
				TARGETED_DEVICE_FAMILY = "1,2";
				TEST_HOST = "$(BUILT_PRODUCTS_DIR)/OCSTest.app/OCSTest";
			};
			name = Release;
		};
		E2D5634C27A0879A0006ACF7 /* Debug */ = {
			isa = XCBuildConfiguration;
			buildSettings = {
				ALWAYS_EMBED_SWIFT_STANDARD_LIBRARIES = YES;
				CODE_SIGN_STYLE = Automatic;
				CURRENT_PROJECT_VERSION = 1;
				DEVELOPMENT_TEAM = PVB33MB4R2;
				GENERATE_INFOPLIST_FILE = YES;
				MARKETING_VERSION = 1.0;
				PRODUCT_BUNDLE_IDENTIFIER = com.yasin.OCSTestUITests;
				PRODUCT_NAME = "$(TARGET_NAME)";
				SWIFT_EMIT_LOC_STRINGS = NO;
				SWIFT_VERSION = 5.0;
				TARGETED_DEVICE_FAMILY = "1,2";
				TEST_TARGET_NAME = OCSTest;
			};
			name = Debug;
		};
		E2D5634D27A0879A0006ACF7 /* Release */ = {
			isa = XCBuildConfiguration;
			buildSettings = {
				ALWAYS_EMBED_SWIFT_STANDARD_LIBRARIES = YES;
				CODE_SIGN_STYLE = Automatic;
				CURRENT_PROJECT_VERSION = 1;
				DEVELOPMENT_TEAM = PVB33MB4R2;
				GENERATE_INFOPLIST_FILE = YES;
				MARKETING_VERSION = 1.0;
				PRODUCT_BUNDLE_IDENTIFIER = com.yasin.OCSTestUITests;
				PRODUCT_NAME = "$(TARGET_NAME)";
				SWIFT_EMIT_LOC_STRINGS = NO;
				SWIFT_VERSION = 5.0;
				TARGETED_DEVICE_FAMILY = "1,2";
				TEST_TARGET_NAME = OCSTest;
			};
			name = Release;
		};
/* End XCBuildConfiguration section */

/* Begin XCConfigurationList section */
		E2D5631627A087940006ACF7 /* Build configuration list for PBXProject "OCSTest" */ = {
			isa = XCConfigurationList;
			buildConfigurations = (
				E2D5634327A0879A0006ACF7 /* Debug */,
				E2D5634427A0879A0006ACF7 /* Release */,
			);
			defaultConfigurationIsVisible = 0;
			defaultConfigurationName = Release;
		};
		E2D5634527A0879A0006ACF7 /* Build configuration list for PBXNativeTarget "OCSTest" */ = {
			isa = XCConfigurationList;
			buildConfigurations = (
				E2D5634627A0879A0006ACF7 /* Debug */,
				E2D5634727A0879A0006ACF7 /* Release */,
			);
			defaultConfigurationIsVisible = 0;
			defaultConfigurationName = Release;
		};
		E2D5634827A0879A0006ACF7 /* Build configuration list for PBXNativeTarget "OCSTestTests" */ = {
			isa = XCConfigurationList;
			buildConfigurations = (
				E2D5634927A0879A0006ACF7 /* Debug */,
				E2D5634A27A0879A0006ACF7 /* Release */,
			);
			defaultConfigurationIsVisible = 0;
			defaultConfigurationName = Release;
		};
		E2D5634B27A0879A0006ACF7 /* Build configuration list for PBXNativeTarget "OCSTestUITests" */ = {
			isa = XCConfigurationList;
			buildConfigurations = (
				E2D5634C27A0879A0006ACF7 /* Debug */,
				E2D5634D27A0879A0006ACF7 /* Release */,
			);
			defaultConfigurationIsVisible = 0;
			defaultConfigurationName = Release;
		};
/* End XCConfigurationList section */
	};
	rootObject = E2D5631327A087940006ACF7 /* Project object */;
}
